
Microsoft Visual Studio Solution File, Format Version 12.00
# Visual Studio Version 16
VisualStudioVersion = 16.0.31729.503
MinimumVisualStudioVersion = 10.0.40219.1
Project("{8BC9CEB8-8B4A-11D0-8D11-00A0C91BC942}") = "jlc_pos_renamer", "jlc_pos_renamer.vcxproj", "{03E613E5-8F48-481A-A19C-2297AEFB420F}"
EndProject
Global
	GlobalSection(SolutionConfigurationPlatforms) = preSolution
		Debug|x64 = Debug|x64
		Debug|x86 = Debug|x86
		Release|x64 = Release|x64
		Release|x86 = Release|x86
	EndGlobalSection
	GlobalSection(ProjectConfigurationPlatforms) = postSolution
		{03E613E5-8F48-481A-A19C-2297AEFB420F}.Debug|x64.ActiveCfg = Debug|x64
		{03E613E5-8F48-481A-A19C-2297AEFB420F}.Debug|x64.Build.0 = Debug|x64
		{03E613E5-8F48-481A-A19C-2297AEFB420F}.Debug|x86.ActiveCfg = Debug|Win32
		{03E613E5-8F48-481A-A19C-2297AEFB420F}.Debug|x86.Build.0 = Debug|Win32
		{03E613E5-8F48-481A-A19C-2297AEFB420F}.Release|x64.ActiveCfg = Release|x64
		{03E613E5-8F48-481A-A19C-2297AEFB420F}.Release|x64.Build.0 = Release|x64
		{03E613E5-8F48-481A-A19C-2297AEFB420F}.Release|x86.ActiveCfg = Release|Win32
		{03E613E5-8F48-481A-A19C-2297AEFB420F}.Release|x86.Build.0 = Release|Win32
	EndGlobalSection
	GlobalSection(SolutionProperties) = preSolution
		HideSolutionNode = FALSE
	EndGlobalSection
	GlobalSection(ExtensibilityGlobals) = postSolution
		SolutionGuid = {C9AA2E4C-0A8B-4DC5-AFD5-034B6F0CA4D0}
	EndGlobalSection
EndGlobal
